
Microsoft Visual Studio Solution File, Format Version 12.00
# Visual Studio 14
VisualStudioVersion = 14.0.25420.1
MinimumVisualStudioVersion = 10.0.40219.1
Project("{FAE04EC0-301F-11D3-BF4B-00C04F79EFBC}") = "CSCI_231_Assignment7_Schmidt", "CSCI_231_Assignment7_Schmidt\CSCI_231_Assignment7_Schmidt.csproj", "{DFF81D7B-F388-4694-9976-00FEF4CEB74F}"
EndProject
Global
	GlobalSection(SolutionConfigurationPlatforms) = preSolution
		Debug|Any CPU = Debug|Any CPU
		Release|Any CPU = Release|Any CPU
	EndGlobalSection
	GlobalSection(ProjectConfigurationPlatforms) = postSolution
		{DFF81D7B-F388-4694-9976-00FEF4CEB74F}.Debug|Any CPU.ActiveCfg = Debug|Any CPU
		{DFF81D7B-F388-4694-9976-00FEF4CEB74F}.Debug|Any CPU.Build.0 = Debug|Any CPU
		{DFF81D7B-F388-4694-9976-00FEF4CEB74F}.Release|Any CPU.ActiveCfg = Release|Any CPU
		{DFF81D7B-F388-4694-9976-00FEF4CEB74F}.Release|Any CPU.Build.0 = Release|Any CPU
	EndGlobalSection
	GlobalSection(SolutionProperties) = preSolution
		HideSolutionNode = FALSE
	EndGlobalSection
EndGlobal
